
Microsoft Visual Studio Solution File, Format Version 12.00
# Visual Studio Version 16
VisualStudioVersion = 16.0.31727.386
MinimumVisualStudioVersion = 10.0.40219.1
Project("{FAE04EC0-301F-11D3-BF4B-00C04F79EFBC}") = "D01_HTML", "D01_HTML\D01_HTML.csproj", "{F2BBE6C1-2215-4A71-9200-A32587B717A5}"
EndProject
Project("{FAE04EC0-301F-11D3-BF4B-00C04F79EFBC}") = "D02_CSS", "D02_CSS\D02_CSS.csproj", "{AB5AFFDF-D861-476C-8E0E-0B590D920241}"
EndProject
Project("{FAE04EC0-301F-11D3-BF4B-00C04F79EFBC}") = "D03_JavaScript", "D03_JavaScript\D03_JavaScript.csproj", "{889DFE35-4D58-469D-841D-B09E0765D670}"
EndProject
Project("{FAE04EC0-301F-11D3-BF4B-00C04F79EFBC}") = "D04_Bootstrap", "D04_Bootstrap\D04_Bootstrap.csproj", "{072954F0-6AF5-4A27-85FE-2A9F5738FB55}"
EndProject
Project("{FAE04EC0-301F-11D3-BF4B-00C04F79EFBC}") = "D05_ASP.NET_WebForms", "D05.ASP.NET WebForms\D05_ASP.NET_WebForms.csproj", "{EFC87941-0D30-466B-8A70-E02234C64878}"
EndProject
Project("{FAE04EC0-301F-11D3-BF4B-00C04F79EFBC}") = "D06_ASP.NET_MVC", "D06_ASP.NET_MVC\D06_ASP.NET_MVC.csproj", "{FAB6EB55-505B-438F-8516-8FEFA288A257}"
EndProject
Project("{FAE04EC0-301F-11D3-BF4B-00C04F79EFBC}") = "D07_MVC5_EF6_DF", "..\..\10-2021-12-07\FE\D07_MVC5_EF6_DF\D07_MVC5_EF6_DF.csproj", "{52BE73AF-C254-4713-B9A2-6C1086F2F0B2}"
EndProject
Project("{FAE04EC0-301F-11D3-BF4B-00C04F79EFBC}") = "D08_MVC5_EF6_DF", "D08_MVC5_EF6_DF\D08_MVC5_EF6_DF.csproj", "{090F4AFA-153E-47EE-A6E5-04AE978EC4CA}"
EndProject
Project("{FAE04EC0-301F-11D3-BF4B-00C04F79EFBC}") = "D11_MVC5_EF6_Security", "D11_MVC5_EF6_Security\D11_MVC5_EF6_Security.csproj", "{AC3F21BB-4B5D-4FEE-A799-1B3119D3E862}"
EndProject
Project("{FAE04EC0-301F-11D3-BF4B-00C04F79EFBC}") = "D09_MVC5_EF6_CF", "D09_MVC5_EF6_CF\D09_MVC5_EF6_CF.csproj", "{BEA47A55-915F-4767-99B9-EB8C02C63309}"
EndProject
Project("{FAE04EC0-301F-11D3-BF4B-00C04F79EFBC}") = "D10_WebApi_EF6", "D10_WebApi_EF6\D10_WebApi_EF6.csproj", "{B182F4B1-F299-44D5-A3ED-5D00DC1880AD}"
EndProject
Project("{FAE04EC0-301F-11D3-BF4B-00C04F79EFBC}") = "D12_MVC5_EF6_CF_Security", "D12_MVC5_EF6_CF_Security\D12_MVC5_EF6_CF_Security.csproj", "{3392D586-B6B6-4163-858E-B81D61D60A3D}"
EndProject
Global
	GlobalSection(SolutionConfigurationPlatforms) = preSolution
		Debug|Any CPU = Debug|Any CPU
		Release|Any CPU = Release|Any CPU
	EndGlobalSection
	GlobalSection(ProjectConfigurationPlatforms) = postSolution
		{F2BBE6C1-2215-4A71-9200-A32587B717A5}.Debug|Any CPU.ActiveCfg = Debug|Any CPU
		{F2BBE6C1-2215-4A71-9200-A32587B717A5}.Debug|Any CPU.Build.0 = Debug|Any CPU
		{F2BBE6C1-2215-4A71-9200-A32587B717A5}.Release|Any CPU.ActiveCfg = Release|Any CPU
		{F2BBE6C1-2215-4A71-9200-A32587B717A5}.Release|Any CPU.Build.0 = Release|Any CPU
		{AB5AFFDF-D861-476C-8E0E-0B590D920241}.Debug|Any CPU.ActiveCfg = Debug|Any CPU
		{AB5AFFDF-D861-476C-8E0E-0B590D920241}.Debug|Any CPU.Build.0 = Debug|Any CPU
		{AB5AFFDF-D861-476C-8E0E-0B590D920241}.Release|Any CPU.ActiveCfg = Release|Any CPU
		{AB5AFFDF-D861-476C-8E0E-0B590D920241}.Release|Any CPU.Build.0 = Release|Any CPU
		{889DFE35-4D58-469D-841D-B09E0765D670}.Debug|Any CPU.ActiveCfg = Debug|Any CPU
		{889DFE35-4D58-469D-841D-B09E0765D670}.Debug|Any CPU.Build.0 = Debug|Any CPU
		{889DFE35-4D58-469D-841D-B09E0765D670}.Release|Any CPU.ActiveCfg = Release|Any CPU
		{889DFE35-4D58-469D-841D-B09E0765D670}.Release|Any CPU.Build.0 = Release|Any CPU
		{072954F0-6AF5-4A27-85FE-2A9F5738FB55}.Debug|Any CPU.ActiveCfg = Debug|Any CPU
		{072954F0-6AF5-4A27-85FE-2A9F5738FB55}.Debug|Any CPU.Build.0 = Debug|Any CPU
		{072954F0-6AF5-4A27-85FE-2A9F5738FB55}.Release|Any CPU.ActiveCfg = Release|Any CPU
		{072954F0-6AF5-4A27-85FE-2A9F5738FB55}.Release|Any CPU.Build.0 = Release|Any CPU
		{EFC87941-0D30-466B-8A70-E02234C64878}.Debug|Any CPU.ActiveCfg = Debug|Any CPU
		{EFC87941-0D30-466B-8A70-E02234C64878}.Debug|Any CPU.Build.0 = Debug|Any CPU
		{EFC87941-0D30-466B-8A70-E02234C64878}.Release|Any CPU.ActiveCfg = Release|Any CPU
		{EFC87941-0D30-466B-8A70-E02234C64878}.Release|Any CPU.Build.0 = Release|Any CPU
		{FAB6EB55-505B-438F-8516-8FEFA288A257}.Debug|Any CPU.ActiveCfg = Debug|Any CPU
		{FAB6EB55-505B-438F-8516-8FEFA288A257}.Debug|Any CPU.Build.0 = Debug|Any CPU
		{FAB6EB55-505B-438F-8516-8FEFA288A257}.Release|Any CPU.ActiveCfg = Release|Any CPU
		{FAB6EB55-505B-438F-8516-8FEFA288A257}.Release|Any CPU.Build.0 = Release|Any CPU
		{52BE73AF-C254-4713-B9A2-6C1086F2F0B2}.Debug|Any CPU.ActiveCfg = Debug|Any CPU
		{52BE73AF-C254-4713-B9A2-6C1086F2F0B2}.Debug|Any CPU.Build.0 = Debug|Any CPU
		{52BE73AF-C254-4713-B9A2-6C1086F2F0B2}.Release|Any CPU.ActiveCfg = Release|Any CPU
		{52BE73AF-C254-4713-B9A2-6C1086F2F0B2}.Release|Any CPU.Build.0 = Release|Any CPU
		{090F4AFA-153E-47EE-A6E5-04AE978EC4CA}.Debug|Any CPU.ActiveCfg = Debug|Any CPU
		{090F4AFA-153E-47EE-A6E5-04AE978EC4CA}.Debug|Any CPU.Build.0 = Debug|Any CPU
		{090F4AFA-153E-47EE-A6E5-04AE978EC4CA}.Release|Any CPU.ActiveCfg = Release|Any CPU
		{090F4AFA-153E-47EE-A6E5-04AE978EC4CA}.Release|Any CPU.Build.0 = Release|Any CPU
		{AC3F21BB-4B5D-4FEE-A799-1B3119D3E862}.Debug|Any CPU.ActiveCfg = Debug|Any CPU
		{AC3F21BB-4B5D-4FEE-A799-1B3119D3E862}.Debug|Any CPU.Build.0 = Debug|Any CPU
		{AC3F21BB-4B5D-4FEE-A799-1B3119D3E862}.Release|Any CPU.ActiveCfg = Release|Any CPU
		{AC3F21BB-4B5D-4FEE-A799-1B3119D3E862}.Release|Any CPU.Build.0 = Release|Any CPU
		{BEA47A55-915F-4767-99B9-EB8C02C63309}.Debug|Any CPU.ActiveCfg = Debug|Any CPU
		{BEA47A55-915F-4767-99B9-EB8C02C63309}.Debug|Any CPU.Build.0 = Debug|Any CPU
		{BEA47A55-915F-4767-99B9-EB8C02C63309}.Release|Any CPU.ActiveCfg = Release|Any CPU
		{BEA47A55-915F-4767-99B9-EB8C02C63309}.Release|Any CPU.Build.0 = Release|Any CPU
		{B182F4B1-F299-44D5-A3ED-5D00DC1880AD}.Debug|Any CPU.ActiveCfg = Debug|Any CPU
		{B182F4B1-F299-44D5-A3ED-5D00DC1880AD}.Debug|Any CPU.Build.0 = Debug|Any CPU
		{B182F4B1-F299-44D5-A3ED-5D00DC1880AD}.Release|Any CPU.ActiveCfg = Release|Any CPU
		{B182F4B1-F299-44D5-A3ED-5D00DC1880AD}.Release|Any CPU.Build.0 = Release|Any CPU
		{3392D586-B6B6-4163-858E-B81D61D60A3D}.Debug|Any CPU.ActiveCfg = Debug|Any CPU
		{3392D586-B6B6-4163-858E-B81D61D60A3D}.Debug|Any CPU.Build.0 = Debug|Any CPU
		{3392D586-B6B6-4163-858E-B81D61D60A3D}.Release|Any CPU.ActiveCfg = Release|Any CPU
		{3392D586-B6B6-4163-858E-B81D61D60A3D}.Release|Any CPU.Build.0 = Release|Any CPU
	EndGlobalSection
	GlobalSection(SolutionProperties) = preSolution
		HideSolutionNode = FALSE
	EndGlobalSection
	GlobalSection(ExtensibilityGlobals) = postSolution
		SolutionGuid = {440F5422-CCD0-4F0A-AED3-AEF29F03A056}
	EndGlobalSection
EndGlobal
